
Microsoft Visual Studio Solution File, Format Version 12.00
# Visual Studio Version 16
VisualStudioVersion = 16.0.32002.261
MinimumVisualStudioVersion = 10.0.40219.1
Project("{FAE04EC0-301F-11D3-BF4B-00C04F79EFBC}") = "ProiectFinal", "ProiectFinal.csproj", "{F8693ADA-70EB-44CA-9D5F-1A09C780F326}"
EndProject
Global
	GlobalSection(SolutionConfigurationPlatforms) = preSolution
		Debug|Any CPU = Debug|Any CPU
		Release|Any CPU = Release|Any CPU
	EndGlobalSection
	GlobalSection(ProjectConfigurationPlatforms) = postSolution
		{F8693ADA-70EB-44CA-9D5F-1A09C780F326}.Debug|Any CPU.ActiveCfg = Debug|Any CPU
		{F8693ADA-70EB-44CA-9D5F-1A09C780F326}.Debug|Any CPU.Build.0 = Debug|Any CPU
		{F8693ADA-70EB-44CA-9D5F-1A09C780F326}.Release|Any CPU.ActiveCfg = Release|Any CPU
		{F8693ADA-70EB-44CA-9D5F-1A09C780F326}.Release|Any CPU.Build.0 = Release|Any CPU
	EndGlobalSection
	GlobalSection(SolutionProperties) = preSolution
		HideSolutionNode = FALSE
	EndGlobalSection
	GlobalSection(ExtensibilityGlobals) = postSolution
		SolutionGuid = {01AC1A81-28F8-48E1-BD18-A3ABAA22D16D}
	EndGlobalSection
EndGlobal
